
Microsoft Visual Studio Solution File, Format Version 12.00
# Visual Studio Version 17
VisualStudioVersion = 17.9.34616.47
MinimumVisualStudioVersion = 10.0.40219.1
Project("{FAE04EC0-301F-11D3-BF4B-00C04F79EFBC}") = "BlazorApp.Shell", "src\BlazorApp.Shell\BlazorApp.Shell.csproj", "{E8AE309E-B697-4D5D-A9AF-4B87DCF41038}"
EndProject
Project("{FAE04EC0-301F-11D3-BF4B-00C04F79EFBC}") = "RazorPilet1", "src\RazorPilet1\RazorPilet1.csproj", "{118DDCD1-A9D5-4A59-A826-0A32936D4A5C}"
EndProject
Project("{FAE04EC0-301F-11D3-BF4B-00C04F79EFBC}") = "RazorPiletWithExternalDeps", "src\RazorPiletWithExternalDeps\RazorPiletWithExternalDeps.csproj", "{187C30EE-6597-4D8F-B2EA-5329817FE8E2}"
EndProject
Project("{FAE04EC0-301F-11D3-BF4B-00C04F79EFBC}") = "ExternalDeps", "src\ExternalDeps\ExternalDeps.csproj", "{F6FF81D9-3262-48D7-9B38-7E624BD8372A}"
EndProject
Global
	GlobalSection(SolutionConfigurationPlatforms) = preSolution
		Debug|Any CPU = Debug|Any CPU
		Release|Any CPU = Release|Any CPU
	EndGlobalSection
	GlobalSection(ProjectConfigurationPlatforms) = postSolution
		{E8AE309E-B697-4D5D-A9AF-4B87DCF41038}.Debug|Any CPU.ActiveCfg = Debug|Any CPU
		{E8AE309E-B697-4D5D-A9AF-4B87DCF41038}.Debug|Any CPU.Build.0 = Debug|Any CPU
		{E8AE309E-B697-4D5D-A9AF-4B87DCF41038}.Release|Any CPU.ActiveCfg = Release|Any CPU
		{E8AE309E-B697-4D5D-A9AF-4B87DCF41038}.Release|Any CPU.Build.0 = Release|Any CPU
		{118DDCD1-A9D5-4A59-A826-0A32936D4A5C}.Debug|Any CPU.ActiveCfg = Debug|Any CPU
		{118DDCD1-A9D5-4A59-A826-0A32936D4A5C}.Debug|Any CPU.Build.0 = Debug|Any CPU
		{118DDCD1-A9D5-4A59-A826-0A32936D4A5C}.Release|Any CPU.ActiveCfg = Release|Any CPU
		{118DDCD1-A9D5-4A59-A826-0A32936D4A5C}.Release|Any CPU.Build.0 = Release|Any CPU
		{187C30EE-6597-4D8F-B2EA-5329817FE8E2}.Debug|Any CPU.ActiveCfg = Debug|Any CPU
		{187C30EE-6597-4D8F-B2EA-5329817FE8E2}.Debug|Any CPU.Build.0 = Debug|Any CPU
		{187C30EE-6597-4D8F-B2EA-5329817FE8E2}.Release|Any CPU.ActiveCfg = Release|Any CPU
		{187C30EE-6597-4D8F-B2EA-5329817FE8E2}.Release|Any CPU.Build.0 = Release|Any CPU
		{F6FF81D9-3262-48D7-9B38-7E624BD8372A}.Debug|Any CPU.ActiveCfg = Debug|Any CPU
		{F6FF81D9-3262-48D7-9B38-7E624BD8372A}.Debug|Any CPU.Build.0 = Debug|Any CPU
		{F6FF81D9-3262-48D7-9B38-7E624BD8372A}.Release|Any CPU.ActiveCfg = Release|Any CPU
		{F6FF81D9-3262-48D7-9B38-7E624BD8372A}.Release|Any CPU.Build.0 = Release|Any CPU
	EndGlobalSection
	GlobalSection(SolutionProperties) = preSolution
		HideSolutionNode = FALSE
	EndGlobalSection
	GlobalSection(ExtensibilityGlobals) = postSolution
		SolutionGuid = {547A5CAD-B4D8-45AE-B063-36563099D91E}
	EndGlobalSection
EndGlobal
